github.com/domonda/errors v0.8.0 h1:B3FV074VSAK9efjuKN7ltCPGOTBo8pnxaDS8rEFVUWk=
github.com/domonda/errors v0.8.0/go.mod h1:fzj8nYh5fr9KCiiiZQWuF90YuV4mXcjccsEO4GpquMs=
github.com/fatih/color v1.7.0 h1:DkWD4oS2D8LGGgTQ6IvwJJXSL5Vp2ffcQg58nFV38Ys=
github.com/fatih/color v1.7.0/go.mod h1:Zm6kSWBoL9eyXnKyktHP6abPY2pDugNf5KwzbycvMj4=
github.com/mattn/go-colorable v0.1.4 h1:snbPLB8fVfU9iwbbo30TPtbLRzwWu6aJS6Xh4eaaviA=
github.com/mattn/go-colorable v0.1.4/go.mod h1:U0ppj6V5qS13XJ6of8GYAs25YV2eR4EVcfRqFIhoBtE=
github.com/mattn/go-isatty v0.0.8/go.mod h1:Iq45c/XA43vh69/j3iqttzPXn0bhXyGjM0Hdxcsrc5s=
github.com/mattn/go-isatty v0.0.10 h1:qxFzApOv4WsAL965uUPIsXzAKCZxN2p9UqdhFS4ZW10=
github.com/mattn/go-isatty v0.0.10/go.mod h1:qgIWMr58cqv1PHHyhnkY9lrL7etaEgOFcMEpPG5Rm84=
github.com/ungerik/go-fs v0.0.0-20191127131724-ee9af4c83317 h1:NK64Z9nGf9rzQMmOzAAtwXury7VefsDqcKhh8RQqLmo=
github.com/ungerik/go-fs v0.0.0-20191127131724-ee9af4c83317/go.mod h1:S7OXxb3PaT/Sv2Z/9dwjJN8suRi4u+oXDMoBbuD3O2o=
github.com/ungerik/go-reflection v0.0.0-20191013094457-172d2e71715f h1:GTzUiGZ+7cJafyD15AbKaFsGnuoj+I8kboHhN5tL9iY=
github.com/ungerik/go-reflection v0.0.0-20191013094457-172d2e71715f/go.mod h1:LDLWYd30s6zcsOXmrd5TfrHctochNlzRBJPuAEhpnU8=
golang.org/x/sys v0.0.0-20190222072716-a9d3bda3a223/go.mod h1:STP8DvDyc/dI5b8T5hshtkjS+E42TnysNCUPdjciGhY=
golang.org/x/sys v0.0.0-20191008105621-543471e840be h1:QAcqgptGM8IQBC9K/RC4o+O9YmqEm0diQn9QmZw/0mU=
golang.org/x/sys v0.0.0-20191008105621-543471e840be/go.mod h1:h1NjWce9XRLGQEsW7wpKNCjG9DtNlClVuFLEZdDNbEs=
